
Microsoft Visual Studio Solution File, Format Version 12.00
# Visual Studio 15
VisualStudioVersion = 15.0.26124.0
MinimumVisualStudioVersion = 15.0.26124.0
Project("{FAE04EC0-301F-11D3-BF4B-00C04F79EFBC}") = "PrintMembersGenerator", "PrintMembersGenerator\PrintMembersGenerator.csproj", "{D8240415-A282-49FA-BECD-18BB58304D12}"
EndProject
Project("{FAE04EC0-301F-11D3-BF4B-00C04F79EFBC}") = "PrintMembersGeneratorTests", "PrintMembersGeneratorTests\PrintMembersGeneratorTests.csproj", "{995CB07C-B219-488F-BF0E-71757B044F3D}"
EndProject
Global
	GlobalSection(SolutionConfigurationPlatforms) = preSolution
		Debug|Any CPU = Debug|Any CPU
		Debug|x64 = Debug|x64
		Debug|x86 = Debug|x86
		Release|Any CPU = Release|Any CPU
		Release|x64 = Release|x64
		Release|x86 = Release|x86
	EndGlobalSection
	GlobalSection(SolutionProperties) = preSolution
		HideSolutionNode = FALSE
	EndGlobalSection
	GlobalSection(ProjectConfigurationPlatforms) = postSolution
		{D8240415-A282-49FA-BECD-18BB58304D12}.Debug|Any CPU.ActiveCfg = Debug|Any CPU
		{D8240415-A282-49FA-BECD-18BB58304D12}.Debug|Any CPU.Build.0 = Debug|Any CPU
		{D8240415-A282-49FA-BECD-18BB58304D12}.Debug|x64.ActiveCfg = Debug|Any CPU
		{D8240415-A282-49FA-BECD-18BB58304D12}.Debug|x64.Build.0 = Debug|Any CPU
		{D8240415-A282-49FA-BECD-18BB58304D12}.Debug|x86.ActiveCfg = Debug|Any CPU
		{D8240415-A282-49FA-BECD-18BB58304D12}.Debug|x86.Build.0 = Debug|Any CPU
		{D8240415-A282-49FA-BECD-18BB58304D12}.Release|Any CPU.ActiveCfg = Release|Any CPU
		{D8240415-A282-49FA-BECD-18BB58304D12}.Release|Any CPU.Build.0 = Release|Any CPU
		{D8240415-A282-49FA-BECD-18BB58304D12}.Release|x64.ActiveCfg = Release|Any CPU
		{D8240415-A282-49FA-BECD-18BB58304D12}.Release|x64.Build.0 = Release|Any CPU
		{D8240415-A282-49FA-BECD-18BB58304D12}.Release|x86.ActiveCfg = Release|Any CPU
		{D8240415-A282-49FA-BECD-18BB58304D12}.Release|x86.Build.0 = Release|Any CPU
		{995CB07C-B219-488F-BF0E-71757B044F3D}.Debug|Any CPU.ActiveCfg = Debug|Any CPU
		{995CB07C-B219-488F-BF0E-71757B044F3D}.Debug|Any CPU.Build.0 = Debug|Any CPU
		{995CB07C-B219-488F-BF0E-71757B044F3D}.Debug|x64.ActiveCfg = Debug|Any CPU
		{995CB07C-B219-488F-BF0E-71757B044F3D}.Debug|x64.Build.0 = Debug|Any CPU
		{995CB07C-B219-488F-BF0E-71757B044F3D}.Debug|x86.ActiveCfg = Debug|Any CPU
		{995CB07C-B219-488F-BF0E-71757B044F3D}.Debug|x86.Build.0 = Debug|Any CPU
		{995CB07C-B219-488F-BF0E-71757B044F3D}.Release|Any CPU.ActiveCfg = Release|Any CPU
		{995CB07C-B219-488F-BF0E-71757B044F3D}.Release|Any CPU.Build.0 = Release|Any CPU
		{995CB07C-B219-488F-BF0E-71757B044F3D}.Release|x64.ActiveCfg = Release|Any CPU
		{995CB07C-B219-488F-BF0E-71757B044F3D}.Release|x64.Build.0 = Release|Any CPU
		{995CB07C-B219-488F-BF0E-71757B044F3D}.Release|x86.ActiveCfg = Release|Any CPU
		{995CB07C-B219-488F-BF0E-71757B044F3D}.Release|x86.Build.0 = Release|Any CPU
	EndGlobalSection
EndGlobal
